<Solution>
  <Project Path="UserManagement.ApiService/UserManagement.ApiService.csproj" />
  <Project Path="UserManagement.AppHost/UserManagement.AppHost.csproj" />
  <Project Path="UserManagement.ServiceDefaults/UserManagement.ServiceDefaults.csproj" />
  <Project Path="UserManagement.Web/UserManagement.Web.csproj" />
</Solution>
